
Microsoft Visual Studio Solution File, Format Version 12.00
# Visual Studio Version 17
VisualStudioVersion = 17.14.36811.4 d17.14
MinimumVisualStudioVersion = 10.0.40219.1
Project("{FAE04EC0-301F-11D3-BF4B-00C04F79EFBC}") = "SpamDetector", "SpamDetector.csproj", "{BFBF8614-CEA8-60AD-3757-C6758202C614}"
EndProject
Project("{FAE04EC0-301F-11D3-BF4B-00C04F79EFBC}") = "ModelSpamApp", "..\ModelSpamApp\ModelSpamApp.csproj", "{5EF4FDE5-E2C3-E411-234B-E0AB1478F1BD}"
EndProject
Global
	GlobalSection(SolutionConfigurationPlatforms) = preSolution
		Debug|Any CPU = Debug|Any CPU
		Release|Any CPU = Release|Any CPU
	EndGlobalSection
	GlobalSection(ProjectConfigurationPlatforms) = postSolution
		{BFBF8614-CEA8-60AD-3757-C6758202C614}.Debug|Any CPU.ActiveCfg = Debug|Any CPU
		{BFBF8614-CEA8-60AD-3757-C6758202C614}.Debug|Any CPU.Build.0 = Debug|Any CPU
		{BFBF8614-CEA8-60AD-3757-C6758202C614}.Release|Any CPU.ActiveCfg = Release|Any CPU
		{BFBF8614-CEA8-60AD-3757-C6758202C614}.Release|Any CPU.Build.0 = Release|Any CPU
		{5EF4FDE5-E2C3-E411-234B-E0AB1478F1BD}.Debug|Any CPU.ActiveCfg = Debug|Any CPU
		{5EF4FDE5-E2C3-E411-234B-E0AB1478F1BD}.Debug|Any CPU.Build.0 = Debug|Any CPU
		{5EF4FDE5-E2C3-E411-234B-E0AB1478F1BD}.Release|Any CPU.ActiveCfg = Release|Any CPU
		{5EF4FDE5-E2C3-E411-234B-E0AB1478F1BD}.Release|Any CPU.Build.0 = Release|Any CPU
	EndGlobalSection
	GlobalSection(SolutionProperties) = preSolution
		HideSolutionNode = FALSE
	EndGlobalSection
	GlobalSection(ExtensibilityGlobals) = postSolution
		SolutionGuid = {C054E1B6-2F8F-4076-9FC7-07C79FF22776}
	EndGlobalSection
EndGlobal
